
Microsoft Visual Studio Solution File, Format Version 12.00
# Visual Studio Version 17
VisualStudioVersion = 17.3.32929.385
MinimumVisualStudioVersion = 10.0.40219.1
Project("{9A19103F-16F7-4668-BE54-9A1E7A4F7556}") = "BankSystemCore", "BankAppCore\BankSystemCore.csproj", "{79714797-E04D-4D77-ACBF-2DA14F654D38}"
EndProject
Global
	GlobalSection(SolutionConfigurationPlatforms) = preSolution
		Debug|Any CPU = Debug|Any CPU
		Release|Any CPU = Release|Any CPU
	EndGlobalSection
	GlobalSection(ProjectConfigurationPlatforms) = postSolution
		{79714797-E04D-4D77-ACBF-2DA14F654D38}.Debug|Any CPU.ActiveCfg = Debug|Any CPU
		{79714797-E04D-4D77-ACBF-2DA14F654D38}.Debug|Any CPU.Build.0 = Debug|Any CPU
		{79714797-E04D-4D77-ACBF-2DA14F654D38}.Release|Any CPU.ActiveCfg = Release|Any CPU
		{79714797-E04D-4D77-ACBF-2DA14F654D38}.Release|Any CPU.Build.0 = Release|Any CPU
	EndGlobalSection
	GlobalSection(SolutionProperties) = preSolution
		HideSolutionNode = FALSE
	EndGlobalSection
	GlobalSection(ExtensibilityGlobals) = postSolution
		SolutionGuid = {CB4613A9-0F10-46E6-BD83-3D4961239542}
	EndGlobalSection
EndGlobal
